
Microsoft Visual Studio Solution File, Format Version 12.00
# Visual Studio Version 16
VisualStudioVersion = 16.0.32802.440
MinimumVisualStudioVersion = 10.0.40219.1
Project("{FAE04EC0-301F-11D3-BF4B-00C04F79EFBC}") = "SanguophageFeedRelationship", "SanguophageFeedRelationship\SanguophageFeedRelationship.csproj", "{84BA5266-540C-459F-AD02-BDF335F70937}"
EndProject
Global
	GlobalSection(SolutionConfigurationPlatforms) = preSolution
		Debug|Any CPU = Debug|Any CPU
		Release|Any CPU = Release|Any CPU
	EndGlobalSection
	GlobalSection(ProjectConfigurationPlatforms) = postSolution
		{84BA5266-540C-459F-AD02-BDF335F70937}.Debug|Any CPU.ActiveCfg = Debug|Any CPU
		{84BA5266-540C-459F-AD02-BDF335F70937}.Debug|Any CPU.Build.0 = Debug|Any CPU
		{84BA5266-540C-459F-AD02-BDF335F70937}.Release|Any CPU.ActiveCfg = Release|Any CPU
		{84BA5266-540C-459F-AD02-BDF335F70937}.Release|Any CPU.Build.0 = Release|Any CPU
	EndGlobalSection
	GlobalSection(SolutionProperties) = preSolution
		HideSolutionNode = FALSE
	EndGlobalSection
	GlobalSection(ExtensibilityGlobals) = postSolution
		SolutionGuid = {1292139F-F231-44E1-BC40-77560220A20B}
	EndGlobalSection
EndGlobal
