Microsoft Visual Studio Solution File, Format Version 12.00
# Visual Studio Version 17
VisualStudioVersion = 17.5.2.0
MinimumVisualStudioVersion = 10.0.40219.1
Project("{FAE04EC0-301F-11D3-BF4B-00C04F79EFBC}") = "SanguophageFeedRelationship", "SanguophageFeedRelationship.csproj", "{0AECBEF0-CA4F-1BDB-AB13-1AA004E847DA}"
EndProject
Global
	GlobalSection(SolutionConfigurationPlatforms) = preSolution
		Debug|Any CPU = Debug|Any CPU
		Release|Any CPU = Release|Any CPU
	EndGlobalSection
	GlobalSection(ProjectConfigurationPlatforms) = postSolution
		{0AECBEF0-CA4F-1BDB-AB13-1AA004E847DA}.Debug|Any CPU.ActiveCfg = Debug|Any CPU
		{0AECBEF0-CA4F-1BDB-AB13-1AA004E847DA}.Debug|Any CPU.Build.0 = Debug|Any CPU
		{0AECBEF0-CA4F-1BDB-AB13-1AA004E847DA}.Release|Any CPU.ActiveCfg = Release|Any CPU
		{0AECBEF0-CA4F-1BDB-AB13-1AA004E847DA}.Release|Any CPU.Build.0 = Release|Any CPU
	EndGlobalSection
	GlobalSection(SolutionProperties) = preSolution
		HideSolutionNode = FALSE
	EndGlobalSection
	GlobalSection(ExtensibilityGlobals) = postSolution
		SolutionGuid = {0B6D28F6-4EEB-4483-B99B-5B9732D3F70A}
	EndGlobalSection
EndGlobal
